
Microsoft Visual Studio Solution File, Format Version 12.00
# Visual Studio Version 16
VisualStudioVersion = 16.0.31005.135
MinimumVisualStudioVersion = 10.0.40219.1
Project("{FAE04EC0-301F-11D3-BF4B-00C04F79EFBC}") = "API", "API\API.csproj", "{31A02855-B6C9-4DBB-9627-DDD564B27D56}"
EndProject
Project("{FAE04EC0-301F-11D3-BF4B-00C04F79EFBC}") = "Application", "Application\Application.csproj", "{92961730-9C9C-479C-9B06-D2FB1246DBC8}"
EndProject
Project("{FAE04EC0-301F-11D3-BF4B-00C04F79EFBC}") = "Persistence", "Persistence\Persistence.csproj", "{4C97FAB4-CB53-4100-9925-49769A416906}"
EndProject
Project("{FAE04EC0-301F-11D3-BF4B-00C04F79EFBC}") = "Domain", "Domain\Domain.csproj", "{CAD2428D-7142-418D-9883-6F0A61DA85E3}"
EndProject
Global
	GlobalSection(SolutionProperties) = preSolution
		HideSolutionNode = FALSE
	EndGlobalSection
	GlobalSection(ExtensibilityGlobals) = postSolution
		SolutionGuid = {0A600A3C-9002-485F-8EEE-A4FEFFE40E69}
	EndGlobalSection
	GlobalSection(SolutionConfigurationPlatforms) = preSolution
		Debug|Any CPU = Debug|Any CPU
		Debug|x64 = Debug|x64
		Debug|x86 = Debug|x86
		Release|Any CPU = Release|Any CPU
		Release|x64 = Release|x64
		Release|x86 = Release|x86
	EndGlobalSection
	GlobalSection(ProjectConfigurationPlatforms) = postSolution
		{31A02855-B6C9-4DBB-9627-DDD564B27D56}.Debug|Any CPU.ActiveCfg = Debug|Any CPU
		{31A02855-B6C9-4DBB-9627-DDD564B27D56}.Debug|Any CPU.Build.0 = Debug|Any CPU
		{31A02855-B6C9-4DBB-9627-DDD564B27D56}.Debug|x64.ActiveCfg = Debug|Any CPU
		{31A02855-B6C9-4DBB-9627-DDD564B27D56}.Debug|x64.Build.0 = Debug|Any CPU
		{31A02855-B6C9-4DBB-9627-DDD564B27D56}.Debug|x86.ActiveCfg = Debug|Any CPU
		{31A02855-B6C9-4DBB-9627-DDD564B27D56}.Debug|x86.Build.0 = Debug|Any CPU
		{31A02855-B6C9-4DBB-9627-DDD564B27D56}.Release|Any CPU.ActiveCfg = Release|Any CPU
		{31A02855-B6C9-4DBB-9627-DDD564B27D56}.Release|Any CPU.Build.0 = Release|Any CPU
		{31A02855-B6C9-4DBB-9627-DDD564B27D56}.Release|x64.ActiveCfg = Release|Any CPU
		{31A02855-B6C9-4DBB-9627-DDD564B27D56}.Release|x64.Build.0 = Release|Any CPU
		{31A02855-B6C9-4DBB-9627-DDD564B27D56}.Release|x86.ActiveCfg = Release|Any CPU
		{31A02855-B6C9-4DBB-9627-DDD564B27D56}.Release|x86.Build.0 = Release|Any CPU
		{92961730-9C9C-479C-9B06-D2FB1246DBC8}.Debug|Any CPU.ActiveCfg = Debug|Any CPU
		{92961730-9C9C-479C-9B06-D2FB1246DBC8}.Debug|Any CPU.Build.0 = Debug|Any CPU
		{92961730-9C9C-479C-9B06-D2FB1246DBC8}.Debug|x64.ActiveCfg = Debug|Any CPU
		{92961730-9C9C-479C-9B06-D2FB1246DBC8}.Debug|x64.Build.0 = Debug|Any CPU
		{92961730-9C9C-479C-9B06-D2FB1246DBC8}.Debug|x86.ActiveCfg = Debug|Any CPU
		{92961730-9C9C-479C-9B06-D2FB1246DBC8}.Debug|x86.Build.0 = Debug|Any CPU
		{92961730-9C9C-479C-9B06-D2FB1246DBC8}.Release|Any CPU.ActiveCfg = Release|Any CPU
		{92961730-9C9C-479C-9B06-D2FB1246DBC8}.Release|Any CPU.Build.0 = Release|Any CPU
		{92961730-9C9C-479C-9B06-D2FB1246DBC8}.Release|x64.ActiveCfg = Release|Any CPU
		{92961730-9C9C-479C-9B06-D2FB1246DBC8}.Release|x64.Build.0 = Release|Any CPU
		{92961730-9C9C-479C-9B06-D2FB1246DBC8}.Release|x86.ActiveCfg = Release|Any CPU
		{92961730-9C9C-479C-9B06-D2FB1246DBC8}.Release|x86.Build.0 = Release|Any CPU
		{4C97FAB4-CB53-4100-9925-49769A416906}.Debug|Any CPU.ActiveCfg = Debug|Any CPU
		{4C97FAB4-CB53-4100-9925-49769A416906}.Debug|Any CPU.Build.0 = Debug|Any CPU
		{4C97FAB4-CB53-4100-9925-49769A416906}.Debug|x64.ActiveCfg = Debug|Any CPU
		{4C97FAB4-CB53-4100-9925-49769A416906}.Debug|x64.Build.0 = Debug|Any CPU
		{4C97FAB4-CB53-4100-9925-49769A416906}.Debug|x86.ActiveCfg = Debug|Any CPU
		{4C97FAB4-CB53-4100-9925-49769A416906}.Debug|x86.Build.0 = Debug|Any CPU
		{4C97FAB4-CB53-4100-9925-49769A416906}.Release|Any CPU.ActiveCfg = Release|Any CPU
		{4C97FAB4-CB53-4100-9925-49769A416906}.Release|Any CPU.Build.0 = Release|Any CPU
		{4C97FAB4-CB53-4100-9925-49769A416906}.Release|x64.ActiveCfg = Release|Any CPU
		{4C97FAB4-CB53-4100-9925-49769A416906}.Release|x64.Build.0 = Release|Any CPU
		{4C97FAB4-CB53-4100-9925-49769A416906}.Release|x86.ActiveCfg = Release|Any CPU
		{4C97FAB4-CB53-4100-9925-49769A416906}.Release|x86.Build.0 = Release|Any CPU
		{CAD2428D-7142-418D-9883-6F0A61DA85E3}.Debug|Any CPU.ActiveCfg = Debug|Any CPU
		{CAD2428D-7142-418D-9883-6F0A61DA85E3}.Debug|Any CPU.Build.0 = Debug|Any CPU
		{CAD2428D-7142-418D-9883-6F0A61DA85E3}.Debug|x64.ActiveCfg = Debug|Any CPU
		{CAD2428D-7142-418D-9883-6F0A61DA85E3}.Debug|x64.Build.0 = Debug|Any CPU
		{CAD2428D-7142-418D-9883-6F0A61DA85E3}.Debug|x86.ActiveCfg = Debug|Any CPU
		{CAD2428D-7142-418D-9883-6F0A61DA85E3}.Debug|x86.Build.0 = Debug|Any CPU
		{CAD2428D-7142-418D-9883-6F0A61DA85E3}.Release|Any CPU.ActiveCfg = Release|Any CPU
		{CAD2428D-7142-418D-9883-6F0A61DA85E3}.Release|Any CPU.Build.0 = Release|Any CPU
		{CAD2428D-7142-418D-9883-6F0A61DA85E3}.Release|x64.ActiveCfg = Release|Any CPU
		{CAD2428D-7142-418D-9883-6F0A61DA85E3}.Release|x64.Build.0 = Release|Any CPU
		{CAD2428D-7142-418D-9883-6F0A61DA85E3}.Release|x86.ActiveCfg = Release|Any CPU
		{CAD2428D-7142-418D-9883-6F0A61DA85E3}.Release|x86.Build.0 = Release|Any CPU
	EndGlobalSection
EndGlobal
